
Microsoft Visual Studio Solution File, Format Version 12.00
# Visual Studio Version 16
VisualStudioVersion = 16.0.29911.84
MinimumVisualStudioVersion = 15.0.26124.0
Project("{9A19103F-16F7-4668-BE54-9A1E7A4F7556}") = "vc", "vc\vc.csproj", "{0A139F30-B2DD-435E-8350-F92E469523B9}"
EndProject
Project("{9A19103F-16F7-4668-BE54-9A1E7A4F7556}") = "Vader", "Vader\Vader.csproj", "{F6432DA6-06E5-4EB6-ADB3-CC37EB19CF61}"
EndProject
Project("{FAE04EC0-301F-11D3-BF4B-00C04F79EFBC}") = "Vader.Tests", "Vader.Tests\Vader.Tests.csproj", "{430025BB-B901-4ACF-BA9F-2A79E0B37932}"
EndProject
Global
	GlobalSection(SolutionConfigurationPlatforms) = preSolution
		Debug|Any CPU = Debug|Any CPU
		Debug|x64 = Debug|x64
		Debug|x86 = Debug|x86
		Release|Any CPU = Release|Any CPU
		Release|x64 = Release|x64
		Release|x86 = Release|x86
	EndGlobalSection
	GlobalSection(ProjectConfigurationPlatforms) = postSolution
		{0A139F30-B2DD-435E-8350-F92E469523B9}.Debug|Any CPU.ActiveCfg = Debug|Any CPU
		{0A139F30-B2DD-435E-8350-F92E469523B9}.Debug|Any CPU.Build.0 = Debug|Any CPU
		{0A139F30-B2DD-435E-8350-F92E469523B9}.Debug|x64.ActiveCfg = Debug|Any CPU
		{0A139F30-B2DD-435E-8350-F92E469523B9}.Debug|x64.Build.0 = Debug|Any CPU
		{0A139F30-B2DD-435E-8350-F92E469523B9}.Debug|x86.ActiveCfg = Debug|Any CPU
		{0A139F30-B2DD-435E-8350-F92E469523B9}.Debug|x86.Build.0 = Debug|Any CPU
		{0A139F30-B2DD-435E-8350-F92E469523B9}.Release|Any CPU.ActiveCfg = Release|Any CPU
		{0A139F30-B2DD-435E-8350-F92E469523B9}.Release|Any CPU.Build.0 = Release|Any CPU
		{0A139F30-B2DD-435E-8350-F92E469523B9}.Release|x64.ActiveCfg = Release|Any CPU
		{0A139F30-B2DD-435E-8350-F92E469523B9}.Release|x64.Build.0 = Release|Any CPU
		{0A139F30-B2DD-435E-8350-F92E469523B9}.Release|x86.ActiveCfg = Release|Any CPU
		{0A139F30-B2DD-435E-8350-F92E469523B9}.Release|x86.Build.0 = Release|Any CPU
		{F6432DA6-06E5-4EB6-ADB3-CC37EB19CF61}.Debug|Any CPU.ActiveCfg = Debug|Any CPU
		{F6432DA6-06E5-4EB6-ADB3-CC37EB19CF61}.Debug|Any CPU.Build.0 = Debug|Any CPU
		{F6432DA6-06E5-4EB6-ADB3-CC37EB19CF61}.Debug|x64.ActiveCfg = Debug|Any CPU
		{F6432DA6-06E5-4EB6-ADB3-CC37EB19CF61}.Debug|x64.Build.0 = Debug|Any CPU
		{F6432DA6-06E5-4EB6-ADB3-CC37EB19CF61}.Debug|x86.ActiveCfg = Debug|Any CPU
		{F6432DA6-06E5-4EB6-ADB3-CC37EB19CF61}.Debug|x86.Build.0 = Debug|Any CPU
		{F6432DA6-06E5-4EB6-ADB3-CC37EB19CF61}.Release|Any CPU.ActiveCfg = Release|Any CPU
		{F6432DA6-06E5-4EB6-ADB3-CC37EB19CF61}.Release|Any CPU.Build.0 = Release|Any CPU
		{F6432DA6-06E5-4EB6-ADB3-CC37EB19CF61}.Release|x64.ActiveCfg = Release|Any CPU
		{F6432DA6-06E5-4EB6-ADB3-CC37EB19CF61}.Release|x64.Build.0 = Release|Any CPU
		{F6432DA6-06E5-4EB6-ADB3-CC37EB19CF61}.Release|x86.ActiveCfg = Release|Any CPU
		{F6432DA6-06E5-4EB6-ADB3-CC37EB19CF61}.Release|x86.Build.0 = Release|Any CPU
		{430025BB-B901-4ACF-BA9F-2A79E0B37932}.Debug|Any CPU.ActiveCfg = Debug|Any CPU
		{430025BB-B901-4ACF-BA9F-2A79E0B37932}.Debug|Any CPU.Build.0 = Debug|Any CPU
		{430025BB-B901-4ACF-BA9F-2A79E0B37932}.Debug|x64.ActiveCfg = Debug|Any CPU
		{430025BB-B901-4ACF-BA9F-2A79E0B37932}.Debug|x64.Build.0 = Debug|Any CPU
		{430025BB-B901-4ACF-BA9F-2A79E0B37932}.Debug|x86.ActiveCfg = Debug|Any CPU
		{430025BB-B901-4ACF-BA9F-2A79E0B37932}.Debug|x86.Build.0 = Debug|Any CPU
		{430025BB-B901-4ACF-BA9F-2A79E0B37932}.Release|Any CPU.ActiveCfg = Release|Any CPU
		{430025BB-B901-4ACF-BA9F-2A79E0B37932}.Release|Any CPU.Build.0 = Release|Any CPU
		{430025BB-B901-4ACF-BA9F-2A79E0B37932}.Release|x64.ActiveCfg = Release|Any CPU
		{430025BB-B901-4ACF-BA9F-2A79E0B37932}.Release|x64.Build.0 = Release|Any CPU
		{430025BB-B901-4ACF-BA9F-2A79E0B37932}.Release|x86.ActiveCfg = Release|Any CPU
		{430025BB-B901-4ACF-BA9F-2A79E0B37932}.Release|x86.Build.0 = Release|Any CPU
	EndGlobalSection
	GlobalSection(SolutionProperties) = preSolution
		HideSolutionNode = FALSE
	EndGlobalSection
	GlobalSection(ExtensibilityGlobals) = postSolution
		SolutionGuid = {C9DD7089-441A-4090-84E8-C772B06DD605}
	EndGlobalSection
EndGlobal
